
Microsoft Visual Studio Solution File, Format Version 12.00
# Visual Studio 2015
Project("{FAE04EC0-301F-11D3-BF4B-00C04F79EFBC}") = "11_19.CSharp", "11_19.CSharp.csproj", "{F8CBD087-FB02-5C56-250E-33AAEBFBA5C1}"
EndProject
Project("{FAE04EC0-301F-11D3-BF4B-00C04F79EFBC}") = "11_19.CSharp.Editor", "11_19.CSharp.Editor.csproj", "{8BD1249C-CE3D-AB64-8021-717EAB62E730}"
EndProject
Global
	GlobalSection(SolutionConfigurationPlatforms) = preSolution
		Debug|Any CPU = Debug|Any CPU
		Release|Any CPU = Release|Any CPU
	EndGlobalSection
	GlobalSection(ProjectConfigurationPlatforms) = postSolution
		{F8CBD087-FB02-5C56-250E-33AAEBFBA5C1}.Debug|Any CPU.ActiveCfg = Debug|Any CPU
		{F8CBD087-FB02-5C56-250E-33AAEBFBA5C1}.Debug|Any CPU.Build.0 = Debug|Any CPU
		{F8CBD087-FB02-5C56-250E-33AAEBFBA5C1}.Release|Any CPU.ActiveCfg = Release|Any CPU
		{F8CBD087-FB02-5C56-250E-33AAEBFBA5C1}.Release|Any CPU.Build.0 = Release|Any CPU
		{8BD1249C-CE3D-AB64-8021-717EAB62E730}.Debug|Any CPU.ActiveCfg = Debug|Any CPU
		{8BD1249C-CE3D-AB64-8021-717EAB62E730}.Debug|Any CPU.Build.0 = Debug|Any CPU
		{8BD1249C-CE3D-AB64-8021-717EAB62E730}.Release|Any CPU.ActiveCfg = Release|Any CPU
		{8BD1249C-CE3D-AB64-8021-717EAB62E730}.Release|Any CPU.Build.0 = Release|Any CPU
	EndGlobalSection
	GlobalSection(SolutionProperties) = preSolution
		HideSolutionNode = FALSE
	EndGlobalSection
EndGlobal
