
Microsoft Visual Studio Solution File, Format Version 12.00
# Visual Studio 2015
Project("{FAE04EC0-301F-11D3-BF4B-00C04F79EFBC}") = "RomanCanonNew", "RomanCanonNew.csproj", "{7F93B451-7ABD-BD65-5C3D-869B8DDABED2}"
EndProject
Project("{FAE04EC0-301F-11D3-BF4B-00C04F79EFBC}") = "RomanCanonNew.Editor", "RomanCanonNew.Editor.csproj", "{D5FAEC8C-4399-DE02-BBD2-0A319AD79541}"
EndProject
Global
	GlobalSection(SolutionConfigurationPlatforms) = preSolution
		Debug|Any CPU = Debug|Any CPU
		Release|Any CPU = Release|Any CPU
	EndGlobalSection
	GlobalSection(ProjectConfigurationPlatforms) = postSolution
		{7F93B451-7ABD-BD65-5C3D-869B8DDABED2}.Debug|Any CPU.ActiveCfg = Debug|Any CPU
		{7F93B451-7ABD-BD65-5C3D-869B8DDABED2}.Debug|Any CPU.Build.0 = Debug|Any CPU
		{7F93B451-7ABD-BD65-5C3D-869B8DDABED2}.Release|Any CPU.ActiveCfg = Release|Any CPU
		{7F93B451-7ABD-BD65-5C3D-869B8DDABED2}.Release|Any CPU.Build.0 = Release|Any CPU
		{D5FAEC8C-4399-DE02-BBD2-0A319AD79541}.Debug|Any CPU.ActiveCfg = Debug|Any CPU
		{D5FAEC8C-4399-DE02-BBD2-0A319AD79541}.Debug|Any CPU.Build.0 = Debug|Any CPU
		{D5FAEC8C-4399-DE02-BBD2-0A319AD79541}.Release|Any CPU.ActiveCfg = Release|Any CPU
		{D5FAEC8C-4399-DE02-BBD2-0A319AD79541}.Release|Any CPU.Build.0 = Release|Any CPU
	EndGlobalSection
	GlobalSection(SolutionProperties) = preSolution
		HideSolutionNode = FALSE
	EndGlobalSection
EndGlobal
